// !$*UTF8*$!
{
	archiveVersion = 1;
	classes = {
	};
	objectVersion = 56;
	objects = {

/* Begin PBXBuildFile section */
		7202F72A2C2B7E8F007E89A1 /* Banner.json in Resources */ = {isa = PBXBuildFile; fileRef = 7202F7292C2B7E8F007E89A1 /* Banner.json */; };
		7202F72C2C2B8318007E89A1 /* Brand.json in Resources */ = {isa = PBXBuildFile; fileRef = 7202F72B2C2B8318007E89A1 /* Brand.json */; };
		7202F72E2C2CDE99007E89A1 /* Category.json in Resources */ = {isa = PBXBuildFile; fileRef = 7202F72D2C2CDE99007E89A1 /* Category.json */; };
		720973A42C2A026500F07CE5 /* Ljus_och_LamporApp.swift in Sources */ = {isa = PBXBuildFile; fileRef = 720973A32C2A026500F07CE5 /* Ljus_och_LamporApp.swift */; };
		720973A62C2A026500F07CE5 /* ContentView.swift in Sources */ = {isa = PBXBuildFile; fileRef = 720973A52C2A026500F07CE5 /* ContentView.swift */; };
		720973A82C2A026700F07CE5 /* Assets.xcassets in Resources */ = {isa = PBXBuildFile; fileRef = 720973A72C2A026700F07CE5 /* Assets.xcassets */; };
		720973AB2C2A026700F07CE5 /* Preview Assets.xcassets in Resources */ = {isa = PBXBuildFile; fileRef = 720973AA2C2A026700F07CE5 /* Preview Assets.xcassets */; };
		720973B72C2A09F000F07CE5 /* Product.json in Resources */ = {isa = PBXBuildFile; fileRef = 720973B62C2A09F000F07CE5 /* Product.json */; };
		72785AAA2C3B030300EC300B /* Constant.swift in Sources */ = {isa = PBXBuildFile; fileRef = 72785AA92C3B030300EC300B /* Constant.swift */; };
/* End PBXBuildFile section */

/* Begin PBXFileReference section */
		7202F7292C2B7E8F007E89A1 /* Banner.json */ = {isa = PBXFileReference; fileEncoding = 4; lastKnownFileType = text.json; path = Banner.json; sourceTree = "<group>"; };
		7202F72B2C2B8318007E89A1 /* Brand.json */ = {isa = PBXFileReference; fileEncoding = 4; lastKnownFileType = text.json; path = Brand.json; sourceTree = "<group>"; };
		7202F72D2C2CDE99007E89A1 /* Category.json */ = {isa = PBXFileReference; fileEncoding = 4; lastKnownFileType = text.json; path = Category.json; sourceTree = "<group>"; };
		720973A02C2A026500F07CE5 /* Ljus och Lampor.app */ = {isa = PBXFileReference; explicitFileType = wrapper.application; includeInIndex = 0; path = "Ljus och Lampor.app"; sourceTree = BUILT_PRODUCTS_DIR; };
		720973A32C2A026500F07CE5 /* Ljus_och_LamporApp.swift */ = {isa = PBXFileReference; lastKnownFileType = sourcecode.swift; path = Ljus_och_LamporApp.swift; sourceTree = "<group>"; };
		720973A52C2A026500F07CE5 /* ContentView.swift */ = {isa = PBXFileReference; lastKnownFileType = sourcecode.swift; path = ContentView.swift; sourceTree = "<group>"; };
		720973A72C2A026700F07CE5 /* Assets.xcassets */ = {isa = PBXFileReference; lastKnownFileType = folder.assetcatalog; path = Assets.xcassets; sourceTree = "<group>"; };
		720973AA2C2A026700F07CE5 /* Preview Assets.xcassets */ = {isa = PBXFileReference; lastKnownFileType = folder.assetcatalog; path = "Preview Assets.xcassets"; sourceTree = "<group>"; };
		720973B62C2A09F000F07CE5 /* Product.json */ = {isa = PBXFileReference; fileEncoding = 4; lastKnownFileType = text.json; path = Product.json; sourceTree = "<group>"; };
		72785AA92C3B030300EC300B /* Constant.swift */ = {isa = PBXFileReference; lastKnownFileType = sourcecode.swift; path = Constant.swift; sourceTree = "<group>"; };
		727CB5672C2E17BF006D2201 /* Ljus-och-Lampor-Info.plist */ = {isa = PBXFileReference; lastKnownFileType = text.plist; path = "Ljus-och-Lampor-Info.plist"; sourceTree = SOURCE_ROOT; };
/* End PBXFileReference section */

/* Begin PBXFrameworksBuildPhase section */
		7209739D2C2A026500F07CE5 /* Frameworks */ = {
			isa = PBXFrameworksBuildPhase;
			buildActionMask = 2147483647;
			files = (
			);
			runOnlyForDeploymentPostprocessing = 0;
		};
/* End PBXFrameworksBuildPhase section */

/* Begin PBXGroup section */
		720973972C2A026500F07CE5 = {
			isa = PBXGroup;
			children = (
				720973A22C2A026500F07CE5 /* Ljus och Lampor */,
				720973A12C2A026500F07CE5 /* Products */,
			);
			sourceTree = "<group>";
		};
		720973A12C2A026500F07CE5 /* Products */ = {
			isa = PBXGroup;
			children = (
				720973A02C2A026500F07CE5 /* Ljus och Lampor.app */,
			);
			name = Products;
			sourceTree = "<group>";
		};
		720973A22C2A026500F07CE5 /* Ljus och Lampor */ = {
			isa = PBXGroup;
			children = (
				727CB5682C2E1B37006D2201 /* App */,
				727CB56C2C2E1B87006D2201 /* Model */,
				727CB5692C2E1B57006D2201 /* View */,
				727CB5672C2E17BF006D2201 /* Ljus-och-Lampor-Info.plist */,
				727CB56E2C2E1BAC006D2201 /* Extension */,
				727CB56F2C2E1BD2006D2201 /* Utility */,
				720973B12C2A02C300F07CE5 /* Data */,
				720973A72C2A026700F07CE5 /* Assets.xcassets */,
				720973A92C2A026700F07CE5 /* Preview Content */,
			);
			path = "Ljus och Lampor";
			sourceTree = "<group>";
		};
		720973A92C2A026700F07CE5 /* Preview Content */ = {
			isa = PBXGroup;
			children = (
				720973AA2C2A026700F07CE5 /* Preview Assets.xcassets */,
			);
			path = "Preview Content";
			sourceTree = "<group>";
		};
		720973B12C2A02C300F07CE5 /* Data */ = {
			isa = PBXGroup;
			children = (
				7202F7292C2B7E8F007E89A1 /* Banner.json */,
				720973B62C2A09F000F07CE5 /* Product.json */,
				7202F72B2C2B8318007E89A1 /* Brand.json */,
				7202F72D2C2CDE99007E89A1 /* Category.json */,
			);
			path = Data;
			sourceTree = "<group>";
		};
		727CB5682C2E1B37006D2201 /* App */ = {
			isa = PBXGroup;
			children = (
				720973A32C2A026500F07CE5 /* Ljus_och_LamporApp.swift */,
				720973A52C2A026500F07CE5 /* ContentView.swift */,
			);
			path = App;
			sourceTree = "<group>";
		};
		727CB5692C2E1B57006D2201 /* View */ = {
			isa = PBXGroup;
			children = (
				727CB56B2C2E1B73006D2201 /* Detail */,
				727CB56A2C2E1B65006D2201 /* Home */,
			);
			path = View;
			sourceTree = "<group>";
		};
		727CB56A2C2E1B65006D2201 /* Home */ = {
			isa = PBXGroup;
			children = (
			);
			path = Home;
			sourceTree = "<group>";
		};
		727CB56B2C2E1B73006D2201 /* Detail */ = {
			isa = PBXGroup;
			children = (
			);
			path = Detail;
			sourceTree = "<group>";
		};
		727CB56C2C2E1B87006D2201 /* Model */ = {
			isa = PBXGroup;
			children = (
			);
			path = Model;
			sourceTree = "<group>";
		};
		727CB56E2C2E1BAC006D2201 /* Extension */ = {
			isa = PBXGroup;
			children = (
				72785AA92C3B030300EC300B /* Constant.swift */,
			);
			path = Extension;
			sourceTree = "<group>";
		};
		727CB56F2C2E1BD2006D2201 /* Utility */ = {
			isa = PBXGroup;
			children = (
			);
			path = Utility;
			sourceTree = "<group>";
		};
/* End PBXGroup section */

/* Begin PBXNativeTarget section */
		7209739F2C2A026500F07CE5 /* Ljus och Lampor */ = {
			isa = PBXNativeTarget;
			buildConfigurationList = 720973AE2C2A026700F07CE5 /* Build configuration list for PBXNativeTarget "Ljus och Lampor" */;
			buildPhases = (
				7209739C2C2A026500F07CE5 /* Sources */,
				7209739D2C2A026500F07CE5 /* Frameworks */,
				7209739E2C2A026500F07CE5 /* Resources */,
			);
			buildRules = (
			);
			dependencies = (
			);
			name = "Ljus och Lampor";
			productName = "Ljus och Lampor";
			productReference = 720973A02C2A026500F07CE5 /* Ljus och Lampor.app */;
			productType = "com.apple.product-type.application";
		};
/* End PBXNativeTarget section */

/* Begin PBXProject section */
		720973982C2A026500F07CE5 /* Project object */ = {
			isa = PBXProject;
			attributes = {
				BuildIndependentTargetsInParallel = 1;
				LastSwiftUpdateCheck = 1540;
				LastUpgradeCheck = 1540;
				TargetAttributes = {
					7209739F2C2A026500F07CE5 = {
						CreatedOnToolsVersion = 15.4;
					};
				};
			};
			buildConfigurationList = 7209739B2C2A026500F07CE5 /* Build configuration list for PBXProject "Ljus och Lampor" */;
			compatibilityVersion = "Xcode 14.0";
			developmentRegion = en;
			hasScannedForEncodings = 0;
			knownRegions = (
				en,
				Base,
			);
			mainGroup = 720973972C2A026500F07CE5;
			productRefGroup = 720973A12C2A026500F07CE5 /* Products */;
			projectDirPath = "";
			projectRoot = "";
			targets = (
				7209739F2C2A026500F07CE5 /* Ljus och Lampor */,
			);
		};
/* End PBXProject section */

/* Begin PBXResourcesBuildPhase section */
		7209739E2C2A026500F07CE5 /* Resources */ = {
			isa = PBXResourcesBuildPhase;
			buildActionMask = 2147483647;
			files = (
				7202F72C2C2B8318007E89A1 /* Brand.json in Resources */,
				7202F72E2C2CDE99007E89A1 /* Category.json in Resources */,
				720973AB2C2A026700F07CE5 /* Preview Assets.xcassets in Resources */,
				7202F72A2C2B7E8F007E89A1 /* Banner.json in Resources */,
				720973B72C2A09F000F07CE5 /* Product.json in Resources */,
				720973A82C2A026700F07CE5 /* Assets.xcassets in Resources */,
			);
			runOnlyForDeploymentPostprocessing = 0;
		};
/* End PBXResourcesBuildPhase section */

/* Begin PBXSourcesBuildPhase section */
		7209739C2C2A026500F07CE5 /* Sources */ = {
			isa = PBXSourcesBuildPhase;
			buildActionMask = 2147483647;
			files = (
				720973A62C2A026500F07CE5 /* ContentView.swift in Sources */,
				720973A42C2A026500F07CE5 /* Ljus_och_LamporApp.swift in Sources */,
				72785AAA2C3B030300EC300B /* Constant.swift in Sources */,
			);
			runOnlyForDeploymentPostprocessing = 0;
		};
/* End PBXSourcesBuildPhase section */

/* Begin XCBuildConfiguration section */
		720973AC2C2A026700F07CE5 /* Debug */ = {
			isa = XCBuildConfiguration;
			buildSettings = {
				ALWAYS_SEARCH_USER_PATHS = NO;
				ASSETCATALOG_COMPILER_GENERATE_SWIFT_ASSET_SYMBOL_EXTENSIONS = YES;
				CLANG_ANALYZER_NONNULL = YES;
				CLANG_ANALYZER_NUMBER_OBJECT_CONVERSION = YES_AGGRESSIVE;
				CLANG_CXX_LANGUAGE_STANDARD = "gnu++20";
				CLANG_ENABLE_MODULES = YES;
				CLANG_ENABLE_OBJC_ARC = YES;
				CLANG_ENABLE_OBJC_WEAK = YES;
				CLANG_WARN_BLOCK_CAPTURE_AUTORELEASING = YES;
				CLANG_WARN_BOOL_CONVERSION = YES;
				CLANG_WARN_COMMA = YES;
				CLANG_WARN_CONSTANT_CONVERSION = YES;
				CLANG_WARN_DEPRECATED_OBJC_IMPLEMENTATIONS = YES;
				CLANG_WARN_DIRECT_OBJC_ISA_USAGE = YES_ERROR;
				CLANG_WARN_DOCUMENTATION_COMMENTS = YES;
				CLANG_WARN_EMPTY_BODY = YES;
				CLANG_WARN_ENUM_CONVERSION = YES;
				CLANG_WARN_INFINITE_RECURSION = YES;
				CLANG_WARN_INT_CONVERSION = YES;
				CLANG_WARN_NON_LITERAL_NULL_CONVERSION = YES;
				CLANG_WARN_OBJC_IMPLICIT_RETAIN_SELF = YES;
				CLANG_WARN_OBJC_LITERAL_CONVERSION = YES;
				CLANG_WARN_OBJC_ROOT_CLASS = YES_ERROR;
				CLANG_WARN_QUOTED_INCLUDE_IN_FRAMEWORK_HEADER = YES;
				CLANG_WARN_RANGE_LOOP_ANALYSIS = YES;
				CLANG_WARN_STRICT_PROTOTYPES = YES;
				CLANG_WARN_SUSPICIOUS_MOVE = YES;
				CLANG_WARN_UNGUARDED_AVAILABILITY = YES_AGGRESSIVE;
				CLANG_WARN_UNREACHABLE_CODE = YES;
				CLANG_WARN__DUPLICATE_METHOD_MATCH = YES;
				COPY_PHASE_STRIP = NO;
				DEBUG_INFORMATION_FORMAT = dwarf;
				ENABLE_STRICT_OBJC_MSGSEND = YES;
				ENABLE_TESTABILITY = YES;
				ENABLE_USER_SCRIPT_SANDBOXING = YES;
				GCC_C_LANGUAGE_STANDARD = gnu17;
				GCC_DYNAMIC_NO_PIC = NO;
				GCC_NO_COMMON_BLOCKS = YES;
				GCC_OPTIMIZATION_LEVEL = 0;
				GCC_PREPROCESSOR_DEFINITIONS = (
					"DEBUG=1",
					"$(inherited)",
				);
				GCC_WARN_64_TO_32_BIT_CONVERSION = YES;
				GCC_WARN_ABOUT_RETURN_TYPE = YES_ERROR;
				GCC_WARN_UNDECLARED_SELECTOR = YES;
				GCC_WARN_UNINITIALIZED_AUTOS = YES_AGGRESSIVE;
				GCC_WARN_UNUSED_FUNCTION = YES;
				GCC_WARN_UNUSED_VARIABLE = YES;
				IPHONEOS_DEPLOYMENT_TARGET = 17.5;
				LOCALIZATION_PREFERS_STRING_CATALOGS = YES;
				MTL_ENABLE_DEBUG_INFO = INCLUDE_SOURCE;
				MTL_FAST_MATH = YES;
				ONLY_ACTIVE_ARCH = YES;
				SDKROOT = iphoneos;
				SWIFT_ACTIVE_COMPILATION_CONDITIONS = "DEBUG $(inherited)";
				SWIFT_OPTIMIZATION_LEVEL = "-Onone";
			};
			name = Debug;
		};
		720973AD2C2A026700F07CE5 /* Release */ = {
			isa = XCBuildConfiguration;
			buildSettings = {
				ALWAYS_SEARCH_USER_PATHS = NO;
				ASSETCATALOG_COMPILER_GENERATE_SWIFT_ASSET_SYMBOL_EXTENSIONS = YES;
				CLANG_ANALYZER_NONNULL = YES;
				CLANG_ANALYZER_NUMBER_OBJECT_CONVERSION = YES_AGGRESSIVE;
				CLANG_CXX_LANGUAGE_STANDARD = "gnu++20";
				CLANG_ENABLE_MODULES = YES;
				CLANG_ENABLE_OBJC_ARC = YES;
				CLANG_ENABLE_OBJC_WEAK = YES;
				CLANG_WARN_BLOCK_CAPTURE_AUTORELEASING = YES;
				CLANG_WARN_BOOL_CONVERSION = YES;
				CLANG_WARN_COMMA = YES;
				CLANG_WARN_CONSTANT_CONVERSION = YES;
				CLANG_WARN_DEPRECATED_OBJC_IMPLEMENTATIONS = YES;
				CLANG_WARN_DIRECT_OBJC_ISA_USAGE = YES_ERROR;
				CLANG_WARN_DOCUMENTATION_COMMENTS = YES;
				CLANG_WARN_EMPTY_BODY = YES;
				CLANG_WARN_ENUM_CONVERSION = YES;
				CLANG_WARN_INFINITE_RECURSION = YES;
				CLANG_WARN_INT_CONVERSION = YES;
				CLANG_WARN_NON_LITERAL_NULL_CONVERSION = YES;
				CLANG_WARN_OBJC_IMPLICIT_RETAIN_SELF = YES;
				CLANG_WARN_OBJC_LITERAL_CONVERSION = YES;
				CLANG_WARN_OBJC_ROOT_CLASS = YES_ERROR;
				CLANG_WARN_QUOTED_INCLUDE_IN_FRAMEWORK_HEADER = YES;
				CLANG_WARN_RANGE_LOOP_ANALYSIS = YES;
				CLANG_WARN_STRICT_PROTOTYPES = YES;
				CLANG_WARN_SUSPICIOUS_MOVE = YES;
				CLANG_WARN_UNGUARDED_AVAILABILITY = YES_AGGRESSIVE;
				CLANG_WARN_UNREACHABLE_CODE = YES;
				CLANG_WARN__DUPLICATE_METHOD_MATCH = YES;
				COPY_PHASE_STRIP = NO;
				DEBUG_INFORMATION_FORMAT = "dwarf-with-dsym";
				ENABLE_NS_ASSERTIONS = NO;
				ENABLE_STRICT_OBJC_MSGSEND = YES;
				ENABLE_USER_SCRIPT_SANDBOXING = YES;
				GCC_C_LANGUAGE_STANDARD = gnu17;
				GCC_NO_COMMON_BLOCKS = YES;
				GCC_WARN_64_TO_32_BIT_CONVERSION = YES;
				GCC_WARN_ABOUT_RETURN_TYPE = YES_ERROR;
				GCC_WARN_UNDECLARED_SELECTOR = YES;
				GCC_WARN_UNINITIALIZED_AUTOS = YES_AGGRESSIVE;
				GCC_WARN_UNUSED_FUNCTION = YES;
				GCC_WARN_UNUSED_VARIABLE = YES;
				IPHONEOS_DEPLOYMENT_TARGET = 17.5;
				LOCALIZATION_PREFERS_STRING_CATALOGS = YES;
				MTL_ENABLE_DEBUG_INFO = NO;
				MTL_FAST_MATH = YES;
				SDKROOT = iphoneos;
				SWIFT_COMPILATION_MODE = wholemodule;
				VALIDATE_PRODUCT = YES;
			};
			name = Release;
		};
		720973AF2C2A026700F07CE5 /* Debug */ = {
			isa = XCBuildConfiguration;
			buildSettings = {
				ASSETCATALOG_COMPILER_APPICON_NAME = AppIcon;
				ASSETCATALOG_COMPILER_GLOBAL_ACCENT_COLOR_NAME = AccentColor;
				CODE_SIGN_STYLE = Automatic;
				CURRENT_PROJECT_VERSION = 1;
				DEVELOPMENT_ASSET_PATHS = "\"Ljus och Lampor/Preview Content\"";
				DEVELOPMENT_TEAM = 7HV7JSCX3A;
				ENABLE_PREVIEWS = YES;
				GENERATE_INFOPLIST_FILE = YES;
				INFOPLIST_FILE = "Ljus-och-Lampor-Info.plist";
				INFOPLIST_KEY_CFBundleDisplayName = "";
				INFOPLIST_KEY_LSApplicationCategoryType = "";
				INFOPLIST_KEY_UIApplicationSceneManifest_Generation = YES;
				INFOPLIST_KEY_UIApplicationSupportsIndirectInputEvents = YES;
				INFOPLIST_KEY_UISupportedInterfaceOrientations = UIInterfaceOrientationPortrait;
				INFOPLIST_KEY_UIUserInterfaceStyle = Light;
				LD_RUNPATH_SEARCH_PATHS = (
					"$(inherited)",
					"@executable_path/Frameworks",
				);
				MARKETING_VERSION = 1.0;
				PRODUCT_BUNDLE_IDENTIFIER = "osatian.com.Ljus-och-Lampor";
				PRODUCT_NAME = "$(TARGET_NAME)";
				SWIFT_EMIT_LOC_STRINGS = YES;
				SWIFT_VERSION = 5.0;
				TARGETED_DEVICE_FAMILY = "1,2";
			};
			name = Debug;
		};
		720973B02C2A026700F07CE5 /* Release */ = {
			isa = XCBuildConfiguration;
			buildSettings = {
				ASSETCATALOG_COMPILER_APPICON_NAME = AppIcon;
				ASSETCATALOG_COMPILER_GLOBAL_ACCENT_COLOR_NAME = AccentColor;
				CODE_SIGN_STYLE = Automatic;
				CURRENT_PROJECT_VERSION = 1;
				DEVELOPMENT_ASSET_PATHS = "\"Ljus och Lampor/Preview Content\"";
				DEVELOPMENT_TEAM = 7HV7JSCX3A;
				ENABLE_PREVIEWS = YES;
				GENERATE_INFOPLIST_FILE = YES;
				INFOPLIST_FILE = "Ljus-och-Lampor-Info.plist";
				INFOPLIST_KEY_CFBundleDisplayName = "";
				INFOPLIST_KEY_LSApplicationCategoryType = "";
				INFOPLIST_KEY_UIApplicationSceneManifest_Generation = YES;
				INFOPLIST_KEY_UIApplicationSupportsIndirectInputEvents = YES;
				INFOPLIST_KEY_UISupportedInterfaceOrientations = UIInterfaceOrientationPortrait;
				INFOPLIST_KEY_UIUserInterfaceStyle = Light;
				LD_RUNPATH_SEARCH_PATHS = (
					"$(inherited)",
					"@executable_path/Frameworks",
				);
				MARKETING_VERSION = 1.0;
				PRODUCT_BUNDLE_IDENTIFIER = "osatian.com.Ljus-och-Lampor";
				PRODUCT_NAME = "$(TARGET_NAME)";
				SWIFT_EMIT_LOC_STRINGS = YES;
				SWIFT_VERSION = 5.0;
				TARGETED_DEVICE_FAMILY = "1,2";
			};
			name = Release;
		};
/* End XCBuildConfiguration section */

/* Begin XCConfigurationList section */
		7209739B2C2A026500F07CE5 /* Build configuration list for PBXProject "Ljus och Lampor" */ = {
			isa = XCConfigurationList;
			buildConfigurations = (
				720973AC2C2A026700F07CE5 /* Debug */,
				720973AD2C2A026700F07CE5 /* Release */,
			);
			defaultConfigurationIsVisible = 0;
			defaultConfigurationName = Release;
		};
		720973AE2C2A026700F07CE5 /* Build configuration list for PBXNativeTarget "Ljus och Lampor" */ = {
			isa = XCConfigurationList;
			buildConfigurations = (
				720973AF2C2A026700F07CE5 /* Debug */,
				720973B02C2A026700F07CE5 /* Release */,
			);
			defaultConfigurationIsVisible = 0;
			defaultConfigurationName = Release;
		};
/* End XCConfigurationList section */
	};
	rootObject = 720973982C2A026500F07CE5 /* Project object */;
}
